Microsoft Visual Studio Solution File, Format Version 12.00
# Visual Studio Version 17
VisualStudioVersion = 17.5.2.0
MinimumVisualStudioVersion = 10.0.40219.1
Project("{FAE04EC0-301F-11D3-BF4B-00C04F79EFBC}") = "JsonCleaner", "JsonCleaner\JsonCleaner.csproj", "{23D3E7E9-D6F0-E378-637D-F0CFA2B3BEA7}"
EndProject
Global
	GlobalSection(SolutionConfigurationPlatforms) = preSolution
		Debug|Any CPU = Debug|Any CPU
		Release|Any CPU = Release|Any CPU
	EndGlobalSection
	GlobalSection(ProjectConfigurationPlatforms) = postSolution
		{23D3E7E9-D6F0-E378-637D-F0CFA2B3BEA7}.Debug|Any CPU.ActiveCfg = Debug|Any CPU
		{23D3E7E9-D6F0-E378-637D-F0CFA2B3BEA7}.Debug|Any CPU.Build.0 = Debug|Any CPU
		{23D3E7E9-D6F0-E378-637D-F0CFA2B3BEA7}.Release|Any CPU.ActiveCfg = Release|Any CPU
		{23D3E7E9-D6F0-E378-637D-F0CFA2B3BEA7}.Release|Any CPU.Build.0 = Release|Any CPU
	EndGlobalSection
	GlobalSection(SolutionProperties) = preSolution
		HideSolutionNode = FALSE
	EndGlobalSection
	GlobalSection(ExtensibilityGlobals) = postSolution
		SolutionGuid = {D9D8F0F9-7AE2-42EE-B9DB-AB059E317CFB}
	EndGlobalSection
EndGlobal
